
Microsoft Visual Studio Solution File, Format Version 12.00
# Visual Studio Version 17
VisualStudioVersion = 17.14.36212.18 d17.14
MinimumVisualStudioVersion = 10.0.40219.1
Project("{8BC9CEB8-8B4A-11D0-8D11-00A0C91BC942}") = "rbx-max-fps-editor", "rbx-max-fps-editor\rbx-max-fps-editor.vcxproj", "{FFECF5EF-72B0-41D1-9F3B-3A7479BBD153}"
EndProject
Global
	GlobalSection(SolutionConfigurationPlatforms) = preSolution
		Debug|x64 = Debug|x64
		Debug|x86 = Debug|x86
		Release|x64 = Release|x64
		Release|x86 = Release|x86
	EndGlobalSection
	GlobalSection(ProjectConfigurationPlatforms) = postSolution
		{FFECF5EF-72B0-41D1-9F3B-3A7479BBD153}.Debug|x64.ActiveCfg = Debug|x64
		{FFECF5EF-72B0-41D1-9F3B-3A7479BBD153}.Debug|x64.Build.0 = Debug|x64
		{FFECF5EF-72B0-41D1-9F3B-3A7479BBD153}.Debug|x86.ActiveCfg = Debug|Win32
		{FFECF5EF-72B0-41D1-9F3B-3A7479BBD153}.Debug|x86.Build.0 = Debug|Win32
		{FFECF5EF-72B0-41D1-9F3B-3A7479BBD153}.Release|x64.ActiveCfg = Release|x64
		{FFECF5EF-72B0-41D1-9F3B-3A7479BBD153}.Release|x64.Build.0 = Release|x64
		{FFECF5EF-72B0-41D1-9F3B-3A7479BBD153}.Release|x86.ActiveCfg = Release|Win32
		{FFECF5EF-72B0-41D1-9F3B-3A7479BBD153}.Release|x86.Build.0 = Release|Win32
	EndGlobalSection
	GlobalSection(SolutionProperties) = preSolution
		HideSolutionNode = FALSE
	EndGlobalSection
	GlobalSection(ExtensibilityGlobals) = postSolution
		SolutionGuid = {458A4E79-3001-4710-B0ED-798DCBA02DBF}
	EndGlobalSection
EndGlobal
